// !$*UTF8*$!
{
	archiveVersion = 1;
	classes = {
	};
	objectVersion = 46;
	objects = {

/* Begin PBXBuildFile section */
		4F1EA9DD1BB4B95C0001D558 /* MemeDetailViewController.swift in Sources */ = {isa = PBXBuildFile; fileRef = 4F1EA9DC1BB4B95C0001D558 /* MemeDetailViewController.swift */; settings = {ASSET_TAGS = (); }; };
		4F1EA9DF1BB4CD260001D558 /* MemeCollectionViewCell.swift in Sources */ = {isa = PBXBuildFile; fileRef = 4F1EA9DE1BB4CD260001D558 /* MemeCollectionViewCell.swift */; settings = {ASSET_TAGS = (); }; };
		4FDE523F1BA34EF3005A76F9 /* AppDelegate.swift in Sources */ = {isa = PBXBuildFile; fileRef = 4FDE523E1BA34EF3005A76F9 /* AppDelegate.swift */; };
		4FDE52411BA34EF3005A76F9 /* ViewController.swift in Sources */ = {isa = PBXBuildFile; fileRef = 4FDE52401BA34EF3005A76F9 /* ViewController.swift */; };
		4FDE52441BA34EF3005A76F9 /* Main.storyboard in Resources */ = {isa = PBXBuildFile; fileRef = 4FDE52421BA34EF3005A76F9 /* Main.storyboard */; };
		4FDE52461BA34EF3005A76F9 /* Images.xcassets in Resources */ = {isa = PBXBuildFile; fileRef = 4FDE52451BA34EF3005A76F9 /* Images.xcassets */; };
		4FDE52491BA34EF3005A76F9 /* LaunchScreen.xib in Resources */ = {isa = PBXBuildFile; fileRef = 4FDE52471BA34EF3005A76F9 /* LaunchScreen.xib */; };
		4FDE52551BA34EF3005A76F9 /* miniMemeTests.swift in Sources */ = {isa = PBXBuildFile; fileRef = 4FDE52541BA34EF3005A76F9 /* miniMemeTests.swift */; };
		4FF4C7001BB35B0300CB44AC /* Meme.swift in Sources */ = {isa = PBXBuildFile; fileRef = 4FF4C6FF1BB35B0300CB44AC /* Meme.swift */; settings = {ASSET_TAGS = (); }; };
		4FF4C7021BB361C500CB44AC /* MemeTableViewController.swift in Sources */ = {isa = PBXBuildFile; fileRef = 4FF4C7011BB361C500CB44AC /* MemeTableViewController.swift */; settings = {ASSET_TAGS = (); }; };
		4FF4C7041BB361EA00CB44AC /* MemeCollectionViewController.swift in Sources */ = {isa = PBXBuildFile; fileRef = 4FF4C7031BB361EA00CB44AC /* MemeCollectionViewController.swift */; settings = {ASSET_TAGS = (); }; };
/* End PBXBuildFile section */

/* Begin PBXContainerItemProxy section */
		4FDE524F1BA34EF3005A76F9 /* PBXContainerItemProxy */ = {
			isa = PBXContainerItemProxy;
			containerPortal = 4FDE52311BA34EF3005A76F9 /* Project object */;
			proxyType = 1;
			remoteGlobalIDString = 4FDE52381BA34EF3005A76F9;
			remoteInfo = miniMeme;
		};
/* End PBXContainerItemProxy section */

/* Begin PBXFileReference section */
		4F1EA9DC1BB4B95C0001D558 /* MemeDetailViewController.swift */ = {isa = PBXFileReference; fileEncoding = 4; lastKnownFileType = sourcecode.swift; path = MemeDetailViewController.swift; sourceTree = "<group>"; };
		4F1EA9DE1BB4CD260001D558 /* MemeCollectionViewCell.swift */ = {isa = PBXFileReference; fileEncoding = 4; lastKnownFileType = sourcecode.swift; path = MemeCollectionViewCell.swift; sourceTree = "<group>"; };
		4FBE649E1BA8F0B800DE884A /* share.appex */ = {isa = PBXFileReference; explicitFileType = "wrapper.app-extension"; includeInIndex = 0; path = share.appex; sourceTree = BUILT_PRODUCTS_DIR; };
		4FDE52391BA34EF3005A76F9 /* miniMeme.app */ = {isa = PBXFileReference; explicitFileType = wrapper.application; includeInIndex = 0; path = miniMeme.app; sourceTree = BUILT_PRODUCTS_DIR; };
		4FDE523D1BA34EF3005A76F9 /* Info.plist */ = {isa = PBXFileReference; lastKnownFileType = text.plist.xml; path = Info.plist; sourceTree = "<group>"; };
		4FDE523E1BA34EF3005A76F9 /* AppDelegate.swift */ = {isa = PBXFileReference; lastKnownFileType = sourcecode.swift; path = AppDelegate.swift; sourceTree = "<group>"; };
		4FDE52401BA34EF3005A76F9 /* ViewController.swift */ = {isa = PBXFileReference; lastKnownFileType = sourcecode.swift; path = ViewController.swift; sourceTree = "<group>"; };
		4FDE52431BA34EF3005A76F9 /* Base */ = {isa = PBXFileReference; lastKnownFileType = file.storyboard; name = Base; path = Base.lproj/Main.storyboard; sourceTree = "<group>"; };
		4FDE52451BA34EF3005A76F9 /* Images.xcassets */ = {isa = PBXFileReference; lastKnownFileType = folder.assetcatalog; path = Images.xcassets; sourceTree = "<group>"; };
		4FDE52481BA34EF3005A76F9 /* Base */ = {isa = PBXFileReference; lastKnownFileType = file.xib; name = Base; path = Base.lproj/LaunchScreen.xib; sourceTree = "<group>"; };
		4FDE524E1BA34EF3005A76F9 /* miniMemeTests.xctest */ = {isa = PBXFileReference; explicitFileType = wrapper.cfbundle; includeInIndex = 0; path = miniMemeTests.xctest; sourceTree = BUILT_PRODUCTS_DIR; };
		4FDE52531BA34EF3005A76F9 /* Info.plist */ = {isa = PBXFileReference; lastKnownFileType = text.plist.xml; path = Info.plist; sourceTree = "<group>"; };
		4FDE52541BA34EF3005A76F9 /* miniMemeTests.swift */ = {isa = PBXFileReference; lastKnownFileType = sourcecode.swift; path = miniMemeTests.swift; sourceTree = "<group>"; };
		4FF4C6FF1BB35B0300CB44AC /* Meme.swift */ = {isa = PBXFileReference; fileEncoding = 4; lastKnownFileType = sourcecode.swift; path = Meme.swift; sourceTree = "<group>"; };
		4FF4C7011BB361C500CB44AC /* MemeTableViewController.swift */ = {isa = PBXFileReference; fileEncoding = 4; lastKnownFileType = sourcecode.swift; path = MemeTableViewController.swift; sourceTree = "<group>"; };
		4FF4C7031BB361EA00CB44AC /* MemeCollectionViewController.swift */ = {isa = PBXFileReference; fileEncoding = 4; lastKnownFileType = sourcecode.swift; path = MemeCollectionViewController.swift; sourceTree = "<group>"; };
/* End PBXFileReference section */

/* Begin PBXFrameworksBuildPhase section */
		4FBE649B1BA8F0B800DE884A /* Frameworks */ = {
			isa = PBXFrameworksBuildPhase;
			buildActionMask = 2147483647;
			files = (
			);
			runOnlyForDeploymentPostprocessing = 0;
		};
		4FDE52361BA34EF3005A76F9 /* Frameworks */ = {
			isa = PBXFrameworksBuildPhase;
			buildActionMask = 2147483647;
			files = (
			);
			runOnlyForDeploymentPostprocessing = 0;
		};
		4FDE524B1BA34EF3005A76F9 /* Frameworks */ = {
			isa = PBXFrameworksBuildPhase;
			buildActionMask = 2147483647;
			files = (
			);
			runOnlyForDeploymentPostprocessing = 0;
		};
/* End PBXFrameworksBuildPhase section */

/* Begin PBXGroup section */
		4FDE52301BA34EF3005A76F9 = {
			isa = PBXGroup;
			children = (
				4FDE523B1BA34EF3005A76F9 /* miniMeme */,
				4FDE52511BA34EF3005A76F9 /* miniMemeTests */,
				4FDE523A1BA34EF3005A76F9 /* Products */,
			);
			sourceTree = "<group>";
		};
		4FDE523A1BA34EF3005A76F9 /* Products */ = {
			isa = PBXGroup;
			children = (
				4FDE52391BA34EF3005A76F9 /* miniMeme.app */,
				4FDE524E1BA34EF3005A76F9 /* miniMemeTests.xctest */,
				4FBE649E1BA8F0B800DE884A /* share.appex */,
			);
			name = Products;
			sourceTree = "<group>";
		};
		4FDE523B1BA34EF3005A76F9 /* miniMeme */ = {
			isa = PBXGroup;
			children = (
				4FDE523E1BA34EF3005A76F9 /* AppDelegate.swift */,
				4FDE52401BA34EF3005A76F9 /* ViewController.swift */,
				4FDE52421BA34EF3005A76F9 /* Main.storyboard */,
				4FF4C6FF1BB35B0300CB44AC /* Meme.swift */,
				4FF4C7011BB361C500CB44AC /* MemeTableViewController.swift */,
				4FF4C7031BB361EA00CB44AC /* MemeCollectionViewController.swift */,
				4F1EA9DC1BB4B95C0001D558 /* MemeDetailViewController.swift */,
				4F1EA9DE1BB4CD260001D558 /* MemeCollectionViewCell.swift */,
				4FDE52451BA34EF3005A76F9 /* Images.xcassets */,
				4FDE52471BA34EF3005A76F9 /* LaunchScreen.xib */,
				4FDE523C1BA34EF3005A76F9 /* Supporting Files */,
			);
			path = miniMeme;
			sourceTree = "<group>";
		};
		4FDE523C1BA34EF3005A76F9 /* Supporting Files */ = {
			isa = PBXGroup;
			children = (
				4FDE523D1BA34EF3005A76F9 /* Info.plist */,
			);
			name = "Supporting Files";
			sourceTree = "<group>";
		};
		4FDE52511BA34EF3005A76F9 /* miniMemeTests */ = {
			isa = PBXGroup;
			children = (
				4FDE52541BA34EF3005A76F9 /* miniMemeTests.swift */,
				4FDE52521BA34EF3005A76F9 /* Supporting Files */,
			);
			path = miniMemeTests;
			sourceTree = "<group>";
		};
		4FDE52521BA34EF3005A76F9 /* Supporting Files */ = {
			isa = PBXGroup;
			children = (
				4FDE52531BA34EF3005A76F9 /* Info.plist */,
			);
			name = "Supporting Files";
			sourceTree = "<group>";
		};
/* End PBXGroup section */

/* Begin PBXNativeTarget section */
		4FBE649D1BA8F0B800DE884A /* share */ = {
			isa = PBXNativeTarget;
			buildConfigurationList = 4FBE64AB1BA8F0B800DE884A /* Build configuration list for PBXNativeTarget "share" */;
			buildPhases = (
				4FBE649A1BA8F0B800DE884A /* Sources */,
				4FBE649B1BA8F0B800DE884A /* Frameworks */,
				4FBE649C1BA8F0B800DE884A /* Resources */,
			);
			buildRules = (
			);
			dependencies = (
			);
			name = share;
			productName = share;
			productReference = 4FBE649E1BA8F0B800DE884A /* share.appex */;
			productType = "com.apple.product-type.app-extension";
		};
		4FDE52381BA34EF3005A76F9 /* miniMeme */ = {
			isa = PBXNativeTarget;
			buildConfigurationList = 4FDE52581BA34EF3005A76F9 /* Build configuration list for PBXNativeTarget "miniMeme" */;
			buildPhases = (
				4FDE52351BA34EF3005A76F9 /* Sources */,
				4FDE52361BA34EF3005A76F9 /* Frameworks */,
				4FDE52371BA34EF3005A76F9 /* Resources */,
			);
			buildRules = (
			);
			dependencies = (
			);
			name = miniMeme;
			productName = miniMeme;
			productReference = 4FDE52391BA34EF3005A76F9 /* miniMeme.app */;
			productType = "com.apple.product-type.application";
		};
		4FDE524D1BA34EF3005A76F9 /* miniMemeTests */ = {
			isa = PBXNativeTarget;
			buildConfigurationList = 4FDE525B1BA34EF3005A76F9 /* Build configuration list for PBXNativeTarget "miniMemeTests" */;
			buildPhases = (
				4FDE524A1BA34EF3005A76F9 /* Sources */,
				4FDE524B1BA34EF3005A76F9 /* Frameworks */,
				4FDE524C1BA34EF3005A76F9 /* Resources */,
			);
			buildRules = (
			);
			dependencies = (
				4FDE52501BA34EF3005A76F9 /* PBXTargetDependency */,
			);
			name = miniMemeTests;
			productName = miniMemeTests;
			productReference = 4FDE524E1BA34EF3005A76F9 /* miniMemeTests.xctest */;
			productType = "com.apple.product-type.bundle.unit-test";
		};
/* End PBXNativeTarget section */

/* Begin PBXProject section */
		4FDE52311BA34EF3005A76F9 /* Project object */ = {
			isa = PBXProject;
			attributes = {
				LastSwiftUpdateCheck = 0700;
				LastUpgradeCheck = 0700;
				ORGANIZATIONNAME = "Z Latte";
				TargetAttributes = {
					4FBE649D1BA8F0B800DE884A = {
						CreatedOnToolsVersion = 6.4;
					};
					4FDE52381BA34EF3005A76F9 = {
						CreatedOnToolsVersion = 6.4;
						DevelopmentTeam = 3BRYHM6725;
					};
					4FDE524D1BA34EF3005A76F9 = {
						CreatedOnToolsVersion = 6.4;
						TestTargetID = 4FDE52381BA34EF3005A76F9;
					};
				};
			};
			buildConfigurationList = 4FDE52341BA34EF3005A76F9 /* Build configuration list for PBXProject "miniMeme" */;
			compatibilityVersion = "Xcode 3.2";
			developmentRegion = English;
			hasScannedForEncodings = 0;
			knownRegions = (
				en,
				Base,
			);
			mainGroup = 4FDE52301BA34EF3005A76F9;
			productRefGroup = 4FDE523A1BA34EF3005A76F9 /* Products */;
			projectDirPath = "";
			projectRoot = "";
			targets = (
				4FDE52381BA34EF3005A76F9 /* miniMeme */,
				4FDE524D1BA34EF3005A76F9 /* miniMemeTests */,
				4FBE649D1BA8F0B800DE884A /* share */,
			);
		};
/* End PBXProject section */

/* Begin PBXResourcesBuildPhase section */
		4FBE649C1BA8F0B800DE884A /* Resources */ = {
			isa = PBXResourcesBuildPhase;
			buildActionMask = 2147483647;
			files = (
			);
			runOnlyForDeploymentPostprocessing = 0;
		};
		4FDE52371BA34EF3005A76F9 /* Resources */ = {
			isa = PBXResourcesBuildPhase;
			buildActionMask = 2147483647;
			files = (
				4FDE52441BA34EF3005A76F9 /* Main.storyboard in Resources */,
				4FDE52491BA34EF3005A76F9 /* LaunchScreen.xib in Resources */,
				4FDE52461BA34EF3005A76F9 /* Images.xcassets in Resources */,
			);
			runOnlyForDeploymentPostprocessing = 0;
		};
		4FDE524C1BA34EF3005A76F9 /* Resources */ = {
			isa = PBXResourcesBuildPhase;
			buildActionMask = 2147483647;
			files = (
			);
			runOnlyForDeploymentPostprocessing = 0;
		};
/* End PBXResourcesBuildPhase section */

/* Begin PBXSourcesBuildPhase section */
		4FBE649A1BA8F0B800DE884A /* Sources */ = {
			isa = PBXSourcesBuildPhase;
			buildActionMask = 2147483647;
			files = (
			);
			runOnlyForDeploymentPostprocessing = 0;
		};
		4FDE52351BA34EF3005A76F9 /* Sources */ = {
			isa = PBXSourcesBuildPhase;
			buildActionMask = 2147483647;
			files = (
				4FDE52411BA34EF3005A76F9 /* ViewController.swift in Sources */,
				4FF4C7001BB35B0300CB44AC /* Meme.swift in Sources */,
				4F1EA9DF1BB4CD260001D558 /* MemeCollectionViewCell.swift in Sources */,
				4FF4C7021BB361C500CB44AC /* MemeTableViewController.swift in Sources */,
				4F1EA9DD1BB4B95C0001D558 /* MemeDetailViewController.swift in Sources */,
				4FF4C7041BB361EA00CB44AC /* MemeCollectionViewController.swift in Sources */,
				4FDE523F1BA34EF3005A76F9 /* AppDelegate.swift in Sources */,
			);
			runOnlyForDeploymentPostprocessing = 0;
		};
		4FDE524A1BA34EF3005A76F9 /* Sources */ = {
			isa = PBXSourcesBuildPhase;
			buildActionMask = 2147483647;
			files = (
				4FDE52551BA34EF3005A76F9 /* miniMemeTests.swift in Sources */,
			);
			runOnlyForDeploymentPostprocessing = 0;
		};
/* End PBXSourcesBuildPhase section */

/* Begin PBXTargetDependency section */
		4FDE52501BA34EF3005A76F9 /* PBXTargetDependency */ = {
			isa = PBXTargetDependency;
			target = 4FDE52381BA34EF3005A76F9 /* miniMeme */;
			targetProxy = 4FDE524F1BA34EF3005A76F9 /* PBXContainerItemProxy */;
		};
/* End PBXTargetDependency section */

/* Begin PBXVariantGroup section */
		4FDE52421BA34EF3005A76F9 /* Main.storyboard */ = {
			isa = PBXVariantGroup;
			children = (
				4FDE52431BA34EF3005A76F9 /* Base */,
			);
			name = Main.storyboard;
			sourceTree = "<group>";
		};
		4FDE52471BA34EF3005A76F9 /* LaunchScreen.xib */ = {
			isa = PBXVariantGroup;
			children = (
				4FDE52481BA34EF3005A76F9 /* Base */,
			);
			name = LaunchScreen.xib;
			sourceTree = "<group>";
		};
/* End PBXVariantGroup section */

/* Begin XCBuildConfiguration section */
		4FBE64A91BA8F0B800DE884A /* Debug */ = {
			isa = XCBuildConfiguration;
			buildSettings = {
				GCC_PREPROCESSOR_DEFINITIONS = (
					"DEBUG=1",
					"$(inherited)",
				);
				INFOPLIST_FILE = share/Info.plist;
				LD_RUNPATH_SEARCH_PATHS = "$(inherited) @executable_path/Frameworks @executable_path/../../Frameworks";
				PRODUCT_NAME = "$(TARGET_NAME)";
				SKIP_INSTALL = YES;
			};
			name = Debug;
		};
		4FBE64AA1BA8F0B800DE884A /* Release */ = {
			isa = XCBuildConfiguration;
			buildSettings = {
				INFOPLIST_FILE = share/Info.plist;
				LD_RUNPATH_SEARCH_PATHS = "$(inherited) @executable_path/Frameworks @executable_path/../../Frameworks";
				PRODUCT_NAME = "$(TARGET_NAME)";
				SKIP_INSTALL = YES;
			};
			name = Release;
		};
		4FDE52561BA34EF3005A76F9 /* Debug */ = {
			isa = XCBuildConfiguration;
			buildSettings = {
				ALWAYS_SEARCH_USER_PATHS = NO;
				CLANG_CXX_LANGUAGE_STANDARD = "gnu++0x";
				CLANG_CXX_LIBRARY = "libc++";
				CLANG_ENABLE_MODULES = YES;
				CLANG_ENABLE_OBJC_ARC = YES;
				CLANG_WARN_BOOL_CONVERSION = YES;
				CLANG_WARN_CONSTANT_CONVERSION = YES;
				CLANG_WARN_DIRECT_OBJC_ISA_USAGE = YES_ERROR;
				CLANG_WARN_EMPTY_BODY = YES;
				CLANG_WARN_ENUM_CONVERSION = YES;
				CLANG_WARN_INT_CONVERSION = YES;
				CLANG_WARN_OBJC_ROOT_CLASS = YES_ERROR;
				CLANG_WARN_UNREACHABLE_CODE = YES;
				CLANG_WARN__DUPLICATE_METHOD_MATCH = YES;
				"CODE_SIGN_IDENTITY[sdk=iphoneos*]" = "iPhone Developer";
				COPY_PHASE_STRIP = NO;
				DEBUG_INFORMATION_FORMAT = "dwarf-with-dsym";
				ENABLE_STRICT_OBJC_MSGSEND = YES;
				ENABLE_TESTABILITY = YES;
				GCC_C_LANGUAGE_STANDARD = gnu99;
				GCC_DYNAMIC_NO_PIC = NO;
				GCC_NO_COMMON_BLOCKS = YES;
				GCC_OPTIMIZATION_LEVEL = 0;
				GCC_PREPROCESSOR_DEFINITIONS = (
					"DEBUG=1",
					"$(inherited)",
				);
				GCC_SYMBOLS_PRIVATE_EXTERN = NO;
				GCC_WARN_64_TO_32_BIT_CONVERSION = YES;
				GCC_WARN_ABOUT_RETURN_TYPE = YES_ERROR;
				GCC_WARN_UNDECLARED_SELECTOR = YES;
				GCC_WARN_UNINITIALIZED_AUTOS = YES_AGGRESSIVE;
				GCC_WARN_UNUSED_FUNCTION = YES;
				GCC_WARN_UNUSED_VARIABLE = YES;
				IPHONEOS_DEPLOYMENT_TARGET = 8.4;
				MTL_ENABLE_DEBUG_INFO = YES;
				ONLY_ACTIVE_ARCH = YES;
				SDKROOT = iphoneos9.0;
				SWIFT_OPTIMIZATION_LEVEL = "-Onone";
			};
			name = Debug;
		};
		4FDE52571BA34EF3005A76F9 /* Release */ = {
			isa = XCBuildConfiguration;
			buildSettings = {
				ALWAYS_SEARCH_USER_PATHS = NO;
				CLANG_CXX_LANGUAGE_STANDARD = "gnu++0x";
				CLANG_CXX_LIBRARY = "libc++";
				CLANG_ENABLE_MODULES = YES;
				CLANG_ENABLE_OBJC_ARC = YES;
				CLANG_WARN_BOOL_CONVERSION = YES;
				CLANG_WARN_CONSTANT_CONVERSION = YES;
				CLANG_WARN_DIRECT_OBJC_ISA_USAGE = YES_ERROR;
				CLANG_WARN_EMPTY_BODY = YES;
				CLANG_WARN_ENUM_CONVERSION = YES;
				CLANG_WARN_INT_CONVERSION = YES;
				CLANG_WARN_OBJC_ROOT_CLASS = YES_ERROR;
				CLANG_WARN_UNREACHABLE_CODE = YES;
				CLANG_WARN__DUPLICATE_METHOD_MATCH = YES;
				"CODE_SIGN_IDENTITY[sdk=iphoneos*]" = "iPhone Developer";
				COPY_PHASE_STRIP = NO;
				DEBUG_INFORMATION_FORMAT = "dwarf-with-dsym";
				ENABLE_NS_ASSERTIONS = NO;
				ENABLE_STRICT_OBJC_MSGSEND = YES;
				GCC_C_LANGUAGE_STANDARD = gnu99;
				GCC_NO_COMMON_BLOCKS = YES;
				GCC_WARN_64_TO_32_BIT_CONVERSION = YES;
				GCC_WARN_ABOUT_RETURN_TYPE = YES_ERROR;
				GCC_WARN_UNDECLARED_SELECTOR = YES;
				GCC_WARN_UNINITIALIZED_AUTOS = YES_AGGRESSIVE;
				GCC_WARN_UNUSED_FUNCTION = YES;
				GCC_WARN_UNUSED_VARIABLE = YES;
				IPHONEOS_DEPLOYMENT_TARGET = 8.4;
				MTL_ENABLE_DEBUG_INFO = NO;
				SDKROOT = iphoneos9.0;
				VALIDATE_PRODUCT = YES;
			};
			name = Release;
		};
		4FDE52591BA34EF3005A76F9 /* Debug */ = {
			isa = XCBuildConfiguration;
			buildSettings = {
				ASSETCATALOG_COMPILER_APPICON_NAME = AppIcon;
				CODE_SIGN_IDENTITY = "iPhone Developer";
				"CODE_SIGN_IDENTITY[sdk=iphoneos*]" = "iPhone Developer";
				INFOPLIST_FILE = miniMeme/Info.plist;
				IPHONEOS_DEPLOYMENT_TARGET = 8.1;
				LD_RUNPATH_SEARCH_PATHS = "$(inherited) @executable_path/Frameworks";
				PRODUCT_BUNDLE_IDENTIFIER = "Z-Latte.$(PRODUCT_NAME:rfc1034identifier)";
				PRODUCT_NAME = "$(TARGET_NAME)";
				PROVISIONING_PROFILE = "";
			};
			name = Debug;
		};
		4FDE525A1BA34EF3005A76F9 /* Release */ = {
			isa = XCBuildConfiguration;
			buildSettings = {
				ASSETCATALOG_COMPILER_APPICON_NAME = AppIcon;
				CODE_SIGN_IDENTITY = "iPhone Developer";
				"CODE_SIGN_IDENTITY[sdk=iphoneos*]" = "iPhone Developer";
				INFOPLIST_FILE = miniMeme/Info.plist;
				IPHONEOS_DEPLOYMENT_TARGET = 8.1;
				LD_RUNPATH_SEARCH_PATHS = "$(inherited) @executable_path/Frameworks";
				PRODUCT_BUNDLE_IDENTIFIER = "Z-Latte.$(PRODUCT_NAME:rfc1034identifier)";
				PRODUCT_NAME = "$(TARGET_NAME)";
				PROVISIONING_PROFILE = "";
			};
			name = Release;
		};
		4FDE525C1BA34EF3005A76F9 /* Debug */ = {
			isa = XCBuildConfiguration;
			buildSettings = {
				BUNDLE_LOADER = "$(TEST_HOST)";
				FRAMEWORK_SEARCH_PATHS = (
					"$(SDKROOT)/Developer/Library/Frameworks",
					"$(inherited)",
				);
				GCC_PREPROCESSOR_DEFINITIONS = (
					"DEBUG=1",
					"$(inherited)",
				);
				INFOPLIST_FILE = miniMemeTests/Info.plist;
				LD_RUNPATH_SEARCH_PATHS = "$(inherited) @executable_path/Frameworks @loader_path/Frameworks";
				PRODUCT_BUNDLE_IDENTIFIER = "Z-Latte.$(PRODUCT_NAME:rfc1034identifier)";
				PRODUCT_NAME = "$(TARGET_NAME)";
				TEST_HOST = "$(BUILT_PRODUCTS_DIR)/miniMeme.app/miniMeme";
			};
			name = Debug;
		};
		4FDE525D1BA34EF3005A76F9 /* Release */ = {
			isa = XCBuildConfiguration;
			buildSettings = {
				BUNDLE_LOADER = "$(TEST_HOST)";
				FRAMEWORK_SEARCH_PATHS = (
					"$(SDKROOT)/Developer/Library/Frameworks",
					"$(inherited)",
				);
				INFOPLIST_FILE = miniMemeTests/Info.plist;
				LD_RUNPATH_SEARCH_PATHS = "$(inherited) @executable_path/Frameworks @loader_path/Frameworks";
				PRODUCT_BUNDLE_IDENTIFIER = "Z-Latte.$(PRODUCT_NAME:rfc1034identifier)";
				PRODUCT_NAME = "$(TARGET_NAME)";
				TEST_HOST = "$(BUILT_PRODUCTS_DIR)/miniMeme.app/miniMeme";
			};
			name = Release;
		};
/* End XCBuildConfiguration section */

/* Begin XCConfigurationList section */
		4FBE64AB1BA8F0B800DE884A /* Build configuration list for PBXNativeTarget "share" */ = {
			isa = XCConfigurationList;
			buildConfigurations = (
				4FBE64A91BA8F0B800DE884A /* Debug */,
				4FBE64AA1BA8F0B800DE884A /* Release */,
			);
			defaultConfigurationIsVisible = 0;
			defaultConfigurationName = Release;
		};
		4FDE52341BA34EF3005A76F9 /* Build configuration list for PBXProject "miniMeme" */ = {
			isa = XCConfigurationList;
			buildConfigurations = (
				4FDE52561BA34EF3005A76F9 /* Debug */,
				4FDE52571BA34EF3005A76F9 /* Release */,
			);
			defaultConfigurationIsVisible = 0;
			defaultConfigurationName = Release;
		};
		4FDE52581BA34EF3005A76F9 /* Build configuration list for PBXNativeTarget "miniMeme" */ = {
			isa = XCConfigurationList;
			buildConfigurations = (
				4FDE52591BA34EF3005A76F9 /* Debug */,
				4FDE525A1BA34EF3005A76F9 /* Release */,
			);
			defaultConfigurationIsVisible = 0;
			defaultConfigurationName = Release;
		};
		4FDE525B1BA34EF3005A76F9 /* Build configuration list for PBXNativeTarget "miniMemeTests" */ = {
			isa = XCConfigurationList;
			buildConfigurations = (
				4FDE525C1BA34EF3005A76F9 /* Debug */,
				4FDE525D1BA34EF3005A76F9 /* Release */,
			);
			defaultConfigurationIsVisible = 0;
			defaultConfigurationName = Release;
		};
/* End XCConfigurationList section */
	};
	rootObject = 4FDE52311BA34EF3005A76F9 /* Project object */;
}
